// !$*UTF8*$!
{
	archiveVersion = 1;
	classes = {
	};
	objectVersion = 54;
	objects = {

/* Begin PBXBuildFile section */
		044CCE480D087BC06D10ADCE /* CounterLiveActivityModule.m in Sources */ = {isa = PBXBuildFile; fileRef = 68E58D551526D373F39D8D43 /* CounterLiveActivityModule.m */; };
		08F48B95DD4316B21D5193C3 /* SwiftUI.framework in Frameworks */ = {isa = PBXBuildFile; fileRef = 9AB8B537FAEF10F570FFA5CB /* SwiftUI.framework */; };
		0C80B921A6F3F58F76C31292 /* libPods-FEGContextFlow.a in Frameworks */ = {isa = PBXBuildFile; fileRef = 5DCACB8F33CDC322A6C60F78 /* libPods-FEGContextFlow.a */; };
		13B07FBF1A68108700A75B9A /* Images.xcassets in Resources */ = {isa = PBXBuildFile; fileRef = 13B07FB51A68108700A75B9A /* Images.xcassets */; };
		25D47C391A3748307A636559 /* PrivacyInfo.xcprivacy in Resources */ = {isa = PBXBuildFile; fileRef = 13B07FB81A68108700A75B9A /* PrivacyInfo.xcprivacy */; };
		3503892B2E53432BA7CEB67E /* CounterVoiceSession.swift in Sources */ = {isa = PBXBuildFile; fileRef = 37FE831E8943EDCB27694FB0 /* CounterVoiceSession.swift */; };
		370FF027156AC1AD1673DF36 /* Foundation.framework in Frameworks */ = {isa = PBXBuildFile; fileRef = 21BFD70B37D96766F61835C6 /* Foundation.framework */; };
		399600A3AF05984B4CDF30CC /* WidgetKit.framework in Frameworks */ = {isa = PBXBuildFile; fileRef = A44794C98F3F95877F9760BA /* WidgetKit.framework */; };
		49CDFFE5298C235846887663 /* Speech.framework in Frameworks */ = {isa = PBXBuildFile; fileRef = B1113A6B91EABC1198D7CB02 /* Speech.framework */; };
		4C91B77DC3C2DA8278F47FD4 /* CounterActivityAttributes.swift in Sources */ = {isa = PBXBuildFile; fileRef = 8E1CDECBF83119A43EACDF72 /* CounterActivityAttributes.swift */; };
		57469A5C16A287B0EA84A7F9 /* CounterLiveActivityBundle.swift in Sources */ = {isa = PBXBuildFile; fileRef = CEE2F04802C1F00DF320B8E4 /* CounterLiveActivityBundle.swift */; };
		63952AB08836CDF8594B0F50 /* AppIntents.framework in Frameworks */ = {isa = PBXBuildFile; fileRef = 250AB5D722D652AFB906ABE7 /* AppIntents.framework */; };
		685AB91785BF2661D597FDB6 /* WidgetKit.framework in Frameworks */ = {isa = PBXBuildFile; fileRef = A44794C98F3F95877F9760BA /* WidgetKit.framework */; };
		6B46CAD6ED04FD34F2528C54 /* CounterLiveActivity.appex in Embed App Extensions */ = {isa = PBXBuildFile; fileRef = 389B5F66EC4101C777EF8E94 /* CounterLiveActivity.appex */; };
		6D781489C105311CA5FD3F84 /* AVFoundation.framework in Frameworks */ = {isa = PBXBuildFile; fileRef = 3BC07F1D37429F643714781A /* AVFoundation.framework */; };
		6DAA015DA7BFC9ADAD9B3A9A /* CounterLiveActivityModule.swift in Sources */ = {isa = PBXBuildFile; fileRef = AA6F51060C001D6AB37D3CAD /* CounterLiveActivityModule.swift */; };
		761780ED2CA45674006654EE /* AppDelegate.swift in Sources */ = {isa = PBXBuildFile; fileRef = 761780EC2CA45674006654EE /* AppDelegate.swift */; };
		817ADE48F05AD3C6623ADDF3 /* Speech.framework in Frameworks */ = {isa = PBXBuildFile; fileRef = B1113A6B91EABC1198D7CB02 /* Speech.framework */; };
		81AB9BB82411601600AC10FF /* LaunchScreen.storyboard in Resources */ = {isa = PBXBuildFile; fileRef = 81AB9BB72411601600AC10FF /* LaunchScreen.storyboard */; };
		8F85AA3EB6754B20C9BCE51D /* UserNotifications.framework in Frameworks */ = {isa = PBXBuildFile; fileRef = E97508361B216F141B9BCC86 /* UserNotifications.framework */; };
		95FA6B1BC2E0D41EF00D8ED1 /* AVFoundation.framework in Frameworks */ = {isa = PBXBuildFile; fileRef = 3BC07F1D37429F643714781A /* AVFoundation.framework */; };
		99753535FD47B3FB23C36AB3 /* UserNotifications.framework in Frameworks */ = {isa = PBXBuildFile; fileRef = E97508361B216F141B9BCC86 /* UserNotifications.framework */; };
		9D7A81645B1B9BE98883654D /* CounterActivityAttributes.swift in Sources */ = {isa = PBXBuildFile; fileRef = 8E1CDECBF83119A43EACDF72 /* CounterActivityAttributes.swift */; };
		B133CA55A7061B14A178E2B7 /* CounterVoiceSession.swift in Sources */ = {isa = PBXBuildFile; fileRef = 37FE831E8943EDCB27694FB0 /* CounterVoiceSession.swift */; };
		B4648BCA161F454D73113532 /* ActivityKit.framework in Frameworks */ = {isa = PBXBuildFile; fileRef = 451B146B68873AB4AB73C2D2 /* ActivityKit.framework */; };
		C95A00B51C30738CBDBA4294 /* ActivityKit.framework in Frameworks */ = {isa = PBXBuildFile; fileRef = 451B146B68873AB4AB73C2D2 /* ActivityKit.framework */; };
		CE4D13BE9D204C57249FA1F1 /* AppIntents.framework in Frameworks */ = {isa = PBXBuildFile; fileRef = 250AB5D722D652AFB906ABE7 /* AppIntents.framework */; };
		ECB5D288804FB19D454C3FFB /* CounterLiveActivityWidget.swift in Sources */ = {isa = PBXBuildFile; fileRef = 9BB898F910809C525437955F /* CounterLiveActivityWidget.swift */; };
		F0E7CA34124FCB1DC6DB99AA /* CounterHomeWidget.swift in Sources */ = {isa = PBXBuildFile; fileRef = FF3647C2C0725AF00CCC7CBC /* CounterHomeWidget.swift */; };
/* End PBXBuildFile section */

/* Begin PBXContainerItemProxy section */
		4CA9777268C78EC3CAAF36E3 /* PBXContainerItemProxy */ = {
			isa = PBXContainerItemProxy;
			containerPortal = 83CBB9F71A601CBA00E9B192 /* Project object */;
			proxyType = 1;
			remoteGlobalIDString = CB8BD4474EC4CD72ABBCD93E;
			remoteInfo = CounterLiveActivity;
		};
/* End PBXContainerItemProxy section */

/* Begin PBXCopyFilesBuildPhase section */
		C249CEF2590BECA809115A51 /* Embed App Extensions */ = {
			isa = PBXCopyFilesBuildPhase;
			buildActionMask = 2147483647;
			dstPath = "";
			dstSubfolderSpec = 13;
			files = (
				6B46CAD6ED04FD34F2528C54 /* CounterLiveActivity.appex in Embed App Extensions */,
			);
			name = "Embed App Extensions";
			runOnlyForDeploymentPostprocessing = 0;
		};
/* End PBXCopyFilesBuildPhase section */

/* Begin PBXFileReference section */
		13B07F961A680F5B00A75B9A /* FEGContextFlow.app */ = {isa = PBXFileReference; explicitFileType = wrapper.application; includeInIndex = 0; path = FEGContextFlow.app; sourceTree = BUILT_PRODUCTS_DIR; };
		13B07FB51A68108700A75B9A /* Images.xcassets */ = {isa = PBXFileReference; lastKnownFileType = folder.assetcatalog; name = Images.xcassets; path = FEGContextFlow/Images.xcassets; sourceTree = "<group>"; };
		13B07FB61A68108700A75B9A /* Info.plist */ = {isa = PBXFileReference; fileEncoding = 4; lastKnownFileType = text.plist.xml; name = Info.plist; path = FEGContextFlow/Info.plist; sourceTree = "<group>"; };
		13B07FB81A68108700A75B9A /* PrivacyInfo.xcprivacy */ = {isa = PBXFileReference; fileEncoding = 4; lastKnownFileType = text.plist.xml; name = PrivacyInfo.xcprivacy; path = FEGContextFlow/PrivacyInfo.xcprivacy; sourceTree = "<group>"; };
		18A4E7D983E993A19CAEF551 /* Info.plist */ = {isa = PBXFileReference; includeInIndex = 1; lastKnownFileType = text.plist.xml; name = Info.plist; path = CounterLiveActivity/Info.plist; sourceTree = "<group>"; };
		21BFD70B37D96766F61835C6 /* Foundation.framework */ = {isa = PBXFileReference; lastKnownFileType = wrapper.framework; name = Foundation.framework; path = Platforms/iPhoneOS.platform/Developer/SDKs/iPhoneOS14.0.sdk/System/Library/Frameworks/Foundation.framework; sourceTree = DEVELOPER_DIR; };
		250AB5D722D652AFB906ABE7 /* AppIntents.framework */ = {isa = PBXFileReference; lastKnownFileType = wrapper.framework; name = AppIntents.framework; path = System/Library/Frameworks/AppIntents.framework; sourceTree = "<group>"; };
		3077A1D1249C8A46DDC02288 /* FEGContextFlow.entitlements */ = {isa = PBXFileReference; includeInIndex = 1; lastKnownFileType = text.plist.entitlements; name = FEGContextFlow.entitlements; path = FEGContextFlow/FEGContextFlow.entitlements; sourceTree = "<group>"; };
		37FE831E8943EDCB27694FB0 /* CounterVoiceSession.swift */ = {isa = PBXFileReference; includeInIndex = 1; lastKnownFileType = sourcecode.swift; name = CounterVoiceSession.swift; path = Shared/CounterVoiceSession.swift; sourceTree = "<group>"; };
		389B5F66EC4101C777EF8E94 /* CounterLiveActivity.appex */ = {isa = PBXFileReference; explicitFileType = "wrapper.app-extension"; includeInIndex = 0; path = CounterLiveActivity.appex; sourceTree = BUILT_PRODUCTS_DIR; };
		3B4392A12AC88292D35C810B /* Pods-FEGContextFlow.debug.xcconfig */ = {isa = PBXFileReference; includeInIndex = 1; lastKnownFileType = text.xcconfig; name = "Pods-FEGContextFlow.debug.xcconfig"; path = "Target Support Files/Pods-FEGContextFlow/Pods-FEGContextFlow.debug.xcconfig"; sourceTree = "<group>"; };
		3BC07F1D37429F643714781A /* AVFoundation.framework */ = {isa = PBXFileReference; lastKnownFileType = wrapper.framework; name = AVFoundation.framework; path = System/Library/Frameworks/AVFoundation.framework; sourceTree = "<group>"; };
		451B146B68873AB4AB73C2D2 /* ActivityKit.framework */ = {isa = PBXFileReference; lastKnownFileType = wrapper.framework; name = ActivityKit.framework; path = System/Library/Frameworks/ActivityKit.framework; sourceTree = "<group>"; };
		5709B34CF0A7D63546082F79 /* Pods-FEGContextFlow.release.xcconfig */ = {isa = PBXFileReference; includeInIndex = 1; lastKnownFileType = text.xcconfig; name = "Pods-FEGContextFlow.release.xcconfig"; path = "Target Support Files/Pods-FEGContextFlow/Pods-FEGContextFlow.release.xcconfig"; sourceTree = "<group>"; };
		5DCACB8F33CDC322A6C60F78 /* libPods-FEGContextFlow.a */ = {isa = PBXFileReference; explicitFileType = archive.ar; includeInIndex = 0; path = "libPods-FEGContextFlow.a"; sourceTree = BUILT_PRODUCTS_DIR; };
		68E58D551526D373F39D8D43 /* CounterLiveActivityModule.m */ = {isa = PBXFileReference; includeInIndex = 1; lastKnownFileType = sourcecode.c.objc; name = CounterLiveActivityModule.m; path = FEGContextFlow/CounterLiveActivityModule.m; sourceTree = "<group>"; };
		761780EC2CA45674006654EE /* AppDelegate.swift */ = {isa = PBXFileReference; lastKnownFileType = sourcecode.swift; name = AppDelegate.swift; path = FEGContextFlow/AppDelegate.swift; sourceTree = "<group>"; };
		78E56DDD58409AB976FB0555 /* CounterLiveActivity.entitlements */ = {isa = PBXFileReference; includeInIndex = 1; lastKnownFileType = text.plist.entitlements; name = CounterLiveActivity.entitlements; path = CounterLiveActivity/CounterLiveActivity.entitlements; sourceTree = "<group>"; };
		81AB9BB72411601600AC10FF /* LaunchScreen.storyboard */ = {isa = PBXFileReference; fileEncoding = 4; lastKnownFileType = file.storyboard; name = LaunchScreen.storyboard; path = FEGContextFlow/LaunchScreen.storyboard; sourceTree = "<group>"; };
		8E1CDECBF83119A43EACDF72 /* CounterActivityAttributes.swift */ = {isa = PBXFileReference; includeInIndex = 1; lastKnownFileType = sourcecode.swift; name = CounterActivityAttributes.swift; path = Shared/CounterActivityAttributes.swift; sourceTree = "<group>"; };
		9AB8B537FAEF10F570FFA5CB /* SwiftUI.framework */ = {isa = PBXFileReference; lastKnownFileType = wrapper.framework; name = SwiftUI.framework; path = System/Library/Frameworks/SwiftUI.framework; sourceTree = "<group>"; };
		9BB898F910809C525437955F /* CounterLiveActivityWidget.swift */ = {isa = PBXFileReference; includeInIndex = 1; lastKnownFileType = sourcecode.swift; name = CounterLiveActivityWidget.swift; path = CounterLiveActivity/CounterLiveActivityWidget.swift; sourceTree = "<group>"; };
		A44794C98F3F95877F9760BA /* WidgetKit.framework */ = {isa = PBXFileReference; lastKnownFileType = wrapper.framework; name = WidgetKit.framework; path = System/Library/Frameworks/WidgetKit.framework; sourceTree = "<group>"; };
		AA6F51060C001D6AB37D3CAD /* CounterLiveActivityModule.swift */ = {isa = PBXFileReference; includeInIndex = 1; lastKnownFileType = sourcecode.swift; name = CounterLiveActivityModule.swift; path = FEGContextFlow/CounterLiveActivityModule.swift; sourceTree = "<group>"; };
		B1113A6B91EABC1198D7CB02 /* Speech.framework */ = {isa = PBXFileReference; lastKnownFileType = wrapper.framework; name = Speech.framework; path = System/Library/Frameworks/Speech.framework; sourceTree = "<group>"; };
		CEE2F04802C1F00DF320B8E4 /* CounterLiveActivityBundle.swift */ = {isa = PBXFileReference; includeInIndex = 1; lastKnownFileType = sourcecode.swift; name = CounterLiveActivityBundle.swift; path = CounterLiveActivity/CounterLiveActivityBundle.swift; sourceTree = "<group>"; };
		E97508361B216F141B9BCC86 /* UserNotifications.framework */ = {isa = PBXFileReference; lastKnownFileType = wrapper.framework; name = UserNotifications.framework; path = System/Library/Frameworks/UserNotifications.framework; sourceTree = "<group>"; };
		ED297162215061F000B7C4FE /* JavaScriptCore.framework */ = {isa = PBXFileReference; lastKnownFileType = wrapper.framework; name = JavaScriptCore.framework; path = System/Library/Frameworks/JavaScriptCore.framework; sourceTree = SDKROOT; };
		FF3647C2C0725AF00CCC7CBC /* CounterHomeWidget.swift */ = {isa = PBXFileReference; includeInIndex = 1; lastKnownFileType = sourcecode.swift; name = CounterHomeWidget.swift; path = CounterLiveActivity/CounterHomeWidget.swift; sourceTree = "<group>"; };
/* End PBXFileReference section */

/* Begin PBXFrameworksBuildPhase section */
		13B07F8C1A680F5B00A75B9A /* Frameworks */ = {
			isa = PBXFrameworksBuildPhase;
			buildActionMask = 2147483647;
			files = (
				0C80B921A6F3F58F76C31292 /* libPods-FEGContextFlow.a in Frameworks */,
				B4648BCA161F454D73113532 /* ActivityKit.framework in Frameworks */,
				399600A3AF05984B4CDF30CC /* WidgetKit.framework in Frameworks */,
				99753535FD47B3FB23C36AB3 /* UserNotifications.framework in Frameworks */,
				817ADE48F05AD3C6623ADDF3 /* Speech.framework in Frameworks */,
				6D781489C105311CA5FD3F84 /* AVFoundation.framework in Frameworks */,
				CE4D13BE9D204C57249FA1F1 /* AppIntents.framework in Frameworks */,
			);
			runOnlyForDeploymentPostprocessing = 0;
		};
		569FCE96B679B2E2015E3887 /* Frameworks */ = {
			isa = PBXFrameworksBuildPhase;
			buildActionMask = 2147483647;
			files = (
				370FF027156AC1AD1673DF36 /* Foundation.framework in Frameworks */,
				C95A00B51C30738CBDBA4294 /* ActivityKit.framework in Frameworks */,
				685AB91785BF2661D597FDB6 /* WidgetKit.framework in Frameworks */,
				08F48B95DD4316B21D5193C3 /* SwiftUI.framework in Frameworks */,
				8F85AA3EB6754B20C9BCE51D /* UserNotifications.framework in Frameworks */,
				63952AB08836CDF8594B0F50 /* AppIntents.framework in Frameworks */,
				95FA6B1BC2E0D41EF00D8ED1 /* AVFoundation.framework in Frameworks */,
				49CDFFE5298C235846887663 /* Speech.framework in Frameworks */,
			);
			runOnlyForDeploymentPostprocessing = 0;
		};
/* End PBXFrameworksBuildPhase section */

/* Begin PBXGroup section */
		13B07FAE1A68108700A75B9A /* FEGContextFlow */ = {
			isa = PBXGroup;
			children = (
				13B07FB51A68108700A75B9A /* Images.xcassets */,
				761780EC2CA45674006654EE /* AppDelegate.swift */,
				13B07FB61A68108700A75B9A /* Info.plist */,
				81AB9BB72411601600AC10FF /* LaunchScreen.storyboard */,
				13B07FB81A68108700A75B9A /* PrivacyInfo.xcprivacy */,
				AA6F51060C001D6AB37D3CAD /* CounterLiveActivityModule.swift */,
				68E58D551526D373F39D8D43 /* CounterLiveActivityModule.m */,
				3077A1D1249C8A46DDC02288 /* FEGContextFlow.entitlements */,
			);
			name = FEGContextFlow;
			sourceTree = "<group>";
		};
		2D16E6871FA4F8E400B85C8A /* Frameworks */ = {
			isa = PBXGroup;
			children = (
				ED297162215061F000B7C4FE /* JavaScriptCore.framework */,
				5DCACB8F33CDC322A6C60F78 /* libPods-FEGContextFlow.a */,
				F0CE9E097B3612CFBEE2B30C /* iOS */,
				451B146B68873AB4AB73C2D2 /* ActivityKit.framework */,
				A44794C98F3F95877F9760BA /* WidgetKit.framework */,
				9AB8B537FAEF10F570FFA5CB /* SwiftUI.framework */,
				E97508361B216F141B9BCC86 /* UserNotifications.framework */,
				B1113A6B91EABC1198D7CB02 /* Speech.framework */,
				3BC07F1D37429F643714781A /* AVFoundation.framework */,
				250AB5D722D652AFB906ABE7 /* AppIntents.framework */,
			);
			name = Frameworks;
			sourceTree = "<group>";
		};
		451BADC195C2A36C55DA18AE /* CounterLiveActivity */ = {
			isa = PBXGroup;
			children = (
				CEE2F04802C1F00DF320B8E4 /* CounterLiveActivityBundle.swift */,
				9BB898F910809C525437955F /* CounterLiveActivityWidget.swift */,
				18A4E7D983E993A19CAEF551 /* Info.plist */,
				FF3647C2C0725AF00CCC7CBC /* CounterHomeWidget.swift */,
				78E56DDD58409AB976FB0555 /* CounterLiveActivity.entitlements */,
			);
			name = CounterLiveActivity;
			sourceTree = "<group>";
		};
		6E6B2AE813B5145FA8E913D8 /* Shared */ = {
			isa = PBXGroup;
			children = (
				8E1CDECBF83119A43EACDF72 /* CounterActivityAttributes.swift */,
				37FE831E8943EDCB27694FB0 /* CounterVoiceSession.swift */,
			);
			name = Shared;
			sourceTree = "<group>";
		};
		832341AE1AAA6A7D00B99B32 /* Libraries */ = {
			isa = PBXGroup;
			children = (
			);
			name = Libraries;
			sourceTree = "<group>";
		};
		83CBB9F61A601CBA00E9B192 = {
			isa = PBXGroup;
			children = (
				13B07FAE1A68108700A75B9A /* FEGContextFlow */,
				832341AE1AAA6A7D00B99B32 /* Libraries */,
				83CBBA001A601CBA00E9B192 /* Products */,
				2D16E6871FA4F8E400B85C8A /* Frameworks */,
				BBD78D7AC51CEA395F1C20DB /* Pods */,
				6E6B2AE813B5145FA8E913D8 /* Shared */,
				451BADC195C2A36C55DA18AE /* CounterLiveActivity */,
			);
			indentWidth = 2;
			sourceTree = "<group>";
			tabWidth = 2;
			usesTabs = 0;
		};
		83CBBA001A601CBA00E9B192 /* Products */ = {
			isa = PBXGroup;
			children = (
				13B07F961A680F5B00A75B9A /* FEGContextFlow.app */,
				389B5F66EC4101C777EF8E94 /* CounterLiveActivity.appex */,
			);
			name = Products;
			sourceTree = "<group>";
		};
		BBD78D7AC51CEA395F1C20DB /* Pods */ = {
			isa = PBXGroup;
			children = (
				3B4392A12AC88292D35C810B /* Pods-FEGContextFlow.debug.xcconfig */,
				5709B34CF0A7D63546082F79 /* Pods-FEGContextFlow.release.xcconfig */,
			);
			path = Pods;
			sourceTree = "<group>";
		};
		F0CE9E097B3612CFBEE2B30C /* iOS */ = {
			isa = PBXGroup;
			children = (
				21BFD70B37D96766F61835C6 /* Foundation.framework */,
			);
			name = iOS;
			sourceTree = "<group>";
		};
/* End PBXGroup section */

/* Begin PBXNativeTarget section */
		13B07F861A680F5B00A75B9A /* FEGContextFlow */ = {
			isa = PBXNativeTarget;
			buildConfigurationList = 13B07F931A680F5B00A75B9A /* Build configuration list for PBXNativeTarget "FEGContextFlow" */;
			buildPhases = (
				C38B50BA6285516D6DCD4F65 /* [CP] Check Pods Manifest.lock */,
				13B07F871A680F5B00A75B9A /* Sources */,
				13B07F8C1A680F5B00A75B9A /* Frameworks */,
				13B07F8E1A680F5B00A75B9A /* Resources */,
				00DD1BFF1BD5951E006B06BC /* Bundle React Native code and images */,
				00EEFC60759A1932668264C0 /* [CP] Embed Pods Frameworks */,
				E235C05ADACE081382539298 /* [CP] Copy Pods Resources */,
				C249CEF2590BECA809115A51 /* Embed App Extensions */,
			);
			buildRules = (
			);
			dependencies = (
				D2863C00549AB7F600476382 /* PBXTargetDependency */,
			);
			name = FEGContextFlow;
			productName = FEGContextFlow;
			productReference = 13B07F961A680F5B00A75B9A /* FEGContextFlow.app */;
			productType = "com.apple.product-type.application";
		};
		CB8BD4474EC4CD72ABBCD93E /* CounterLiveActivity */ = {
			isa = PBXNativeTarget;
			buildConfigurationList = C7ACF787BE1CF47891D114F2 /* Build configuration list for PBXNativeTarget "CounterLiveActivity" */;
			buildPhases = (
				35ADA376D93C79E4EC86FE6F /* Sources */,
				569FCE96B679B2E2015E3887 /* Frameworks */,
				517B27201F849FC411299EA0 /* Resources */,
			);
			buildRules = (
			);
			dependencies = (
			);
			name = CounterLiveActivity;
			productName = CounterLiveActivity;
			productReference = 389B5F66EC4101C777EF8E94 /* CounterLiveActivity.appex */;
			productType = "com.apple.product-type.app-extension";
		};
/* End PBXNativeTarget section */

/* Begin PBXProject section */
		83CBB9F71A601CBA00E9B192 /* Project object */ = {
			isa = PBXProject;
			attributes = {
				LastUpgradeCheck = 1210;
				TargetAttributes = {
					13B07F861A680F5B00A75B9A = {
						LastSwiftMigration = 1120;
					};
				};
			};
			buildConfigurationList = 83CBB9FA1A601CBA00E9B192 /* Build configuration list for PBXProject "FEGContextFlow" */;
			compatibilityVersion = "Xcode 12.0";
			developmentRegion = en;
			hasScannedForEncodings = 0;
			knownRegions = (
				en,
				Base,
			);
			mainGroup = 83CBB9F61A601CBA00E9B192;
			productRefGroup = 83CBBA001A601CBA00E9B192 /* Products */;
			projectDirPath = "";
			projectRoot = "";
			targets = (
				13B07F861A680F5B00A75B9A /* FEGContextFlow */,
				CB8BD4474EC4CD72ABBCD93E /* CounterLiveActivity */,
			);
		};
/* End PBXProject section */

/* Begin PBXResourcesBuildPhase section */
		13B07F8E1A680F5B00A75B9A /* Resources */ = {
			isa = PBXResourcesBuildPhase;
			buildActionMask = 2147483647;
			files = (
				81AB9BB82411601600AC10FF /* LaunchScreen.storyboard in Resources */,
				13B07FBF1A68108700A75B9A /* Images.xcassets in Resources */,
				25D47C391A3748307A636559 /* PrivacyInfo.xcprivacy in Resources */,
			);
			runOnlyForDeploymentPostprocessing = 0;
		};
		517B27201F849FC411299EA0 /* Resources */ = {
			isa = PBXResourcesBuildPhase;
			buildActionMask = 2147483647;
			files = (
			);
			runOnlyForDeploymentPostprocessing = 0;
		};
/* End PBXResourcesBuildPhase section */

/* Begin PBXShellScriptBuildPhase section */
		00DD1BFF1BD5951E006B06BC /* Bundle React Native code and images */ = {
			isa = PBXShellScriptBuildPhase;
			buildActionMask = 2147483647;
			files = (
			);
			inputPaths = (
				"$(SRCROOT)/.xcode.env.local",
				"$(SRCROOT)/.xcode.env",
			);
			name = "Bundle React Native code and images";
			outputPaths = (
			);
			runOnlyForDeploymentPostprocessing = 0;
			shellPath = /bin/sh;
			shellScript = "set -e\n\nWITH_ENVIRONMENT=\"$REACT_NATIVE_PATH/scripts/xcode/with-environment.sh\"\nREACT_NATIVE_XCODE=\"$REACT_NATIVE_PATH/scripts/react-native-xcode.sh\"\n\n/bin/sh -c \"\\\"$WITH_ENVIRONMENT\\\" \\\"$REACT_NATIVE_XCODE\\\"\"\n";
		};
		00EEFC60759A1932668264C0 /* [CP] Embed Pods Frameworks */ = {
			isa = PBXShellScriptBuildPhase;
			buildActionMask = 2147483647;
			files = (
			);
			inputFileListPaths = (
				"${PODS_ROOT}/Target Support Files/Pods-FEGContextFlow/Pods-FEGContextFlow-frameworks-${CONFIGURATION}-input-files.xcfilelist",
			);
			name = "[CP] Embed Pods Frameworks";
			outputFileListPaths = (
				"${PODS_ROOT}/Target Support Files/Pods-FEGContextFlow/Pods-FEGContextFlow-frameworks-${CONFIGURATION}-output-files.xcfilelist",
			);
			runOnlyForDeploymentPostprocessing = 0;
			shellPath = /bin/sh;
			shellScript = "\"${PODS_ROOT}/Target Support Files/Pods-FEGContextFlow/Pods-FEGContextFlow-frameworks.sh\"\n";
			showEnvVarsInLog = 0;
		};
		C38B50BA6285516D6DCD4F65 /* [CP] Check Pods Manifest.lock */ = {
			isa = PBXShellScriptBuildPhase;
			buildActionMask = 2147483647;
			files = (
			);
			inputFileListPaths = (
			);
			inputPaths = (
				"${PODS_PODFILE_DIR_PATH}/Podfile.lock",
				"${PODS_ROOT}/Manifest.lock",
			);
			name = "[CP] Check Pods Manifest.lock";
			outputFileListPaths = (
			);
			outputPaths = (
				"$(DERIVED_FILE_DIR)/Pods-FEGContextFlow-checkManifestLockResult.txt",
			);
			runOnlyForDeploymentPostprocessing = 0;
			shellPath = /bin/sh;
			shellScript = "diff \"${PODS_PODFILE_DIR_PATH}/Podfile.lock\" \"${PODS_ROOT}/Manifest.lock\" > /dev/null\nif [ $? != 0 ] ; then\n    # print error to STDERR\n    echo \"error: The sandbox is not in sync with the Podfile.lock. Run 'pod install' or update your CocoaPods installation.\" >&2\n    exit 1\nfi\n# This output is used by Xcode 'outputs' to avoid re-running this script phase.\necho \"SUCCESS\" > \"${SCRIPT_OUTPUT_FILE_0}\"\n";
			showEnvVarsInLog = 0;
		};
		E235C05ADACE081382539298 /* [CP] Copy Pods Resources */ = {
			isa = PBXShellScriptBuildPhase;
			buildActionMask = 2147483647;
			files = (
			);
			inputFileListPaths = (
				"${PODS_ROOT}/Target Support Files/Pods-FEGContextFlow/Pods-FEGContextFlow-resources-${CONFIGURATION}-input-files.xcfilelist",
			);
			name = "[CP] Copy Pods Resources";
			outputFileListPaths = (
				"${PODS_ROOT}/Target Support Files/Pods-FEGContextFlow/Pods-FEGContextFlow-resources-${CONFIGURATION}-output-files.xcfilelist",
			);
			runOnlyForDeploymentPostprocessing = 0;
			shellPath = /bin/sh;
			shellScript = "\"${PODS_ROOT}/Target Support Files/Pods-FEGContextFlow/Pods-FEGContextFlow-resources.sh\"\n";
			showEnvVarsInLog = 0;
		};
/* End PBXShellScriptBuildPhase section */

/* Begin PBXSourcesBuildPhase section */
		13B07F871A680F5B00A75B9A /* Sources */ = {
			isa = PBXSourcesBuildPhase;
			buildActionMask = 2147483647;
			files = (
				761780ED2CA45674006654EE /* AppDelegate.swift in Sources */,
				9D7A81645B1B9BE98883654D /* CounterActivityAttributes.swift in Sources */,
				6DAA015DA7BFC9ADAD9B3A9A /* CounterLiveActivityModule.swift in Sources */,
				044CCE480D087BC06D10ADCE /* CounterLiveActivityModule.m in Sources */,
				B133CA55A7061B14A178E2B7 /* CounterVoiceSession.swift in Sources */,
			);
			runOnlyForDeploymentPostprocessing = 0;
		};
		35ADA376D93C79E4EC86FE6F /* Sources */ = {
			isa = PBXSourcesBuildPhase;
			buildActionMask = 2147483647;
			files = (
				4C91B77DC3C2DA8278F47FD4 /* CounterActivityAttributes.swift in Sources */,
				57469A5C16A287B0EA84A7F9 /* CounterLiveActivityBundle.swift in Sources */,
				ECB5D288804FB19D454C3FFB /* CounterLiveActivityWidget.swift in Sources */,
				F0E7CA34124FCB1DC6DB99AA /* CounterHomeWidget.swift in Sources */,
				3503892B2E53432BA7CEB67E /* CounterVoiceSession.swift in Sources */,
			);
			runOnlyForDeploymentPostprocessing = 0;
		};
/* End PBXSourcesBuildPhase section */

/* Begin PBXTargetDependency section */
		D2863C00549AB7F600476382 /* PBXTargetDependency */ = {
			isa = PBXTargetDependency;
			name = CounterLiveActivity;
			target = CB8BD4474EC4CD72ABBCD93E /* CounterLiveActivity */;
			targetProxy = 4CA9777268C78EC3CAAF36E3 /* PBXContainerItemProxy */;
		};
/* End PBXTargetDependency section */

/* Begin XCBuildConfiguration section */
		13B07F941A680F5B00A75B9A /* Debug */ = {
			isa = XCBuildConfiguration;
			baseConfigurationReference = 3B4392A12AC88292D35C810B /* Pods-FEGContextFlow.debug.xcconfig */;
			buildSettings = {
				ASSETCATALOG_COMPILER_APPICON_NAME = AppIcon;
				CLANG_ENABLE_MODULES = YES;
				CODE_SIGN_ENTITLEMENTS = FEGContextFlow/FEGContextFlow.entitlements;
				CODE_SIGN_IDENTITY = "Apple Development";
				CODE_SIGN_STYLE = Automatic;
				CURRENT_PROJECT_VERSION = 1;
				DEVELOPMENT_TEAM = X8946QAT4X;
				ENABLE_BITCODE = NO;
				INFOPLIST_FILE = FEGContextFlow/Info.plist;
				IPHONEOS_DEPLOYMENT_TARGET = 15.1;
				LD_RUNPATH_SEARCH_PATHS = (
					"$(inherited)",
					"@executable_path/Frameworks",
				);
				MARKETING_VERSION = 1.0;
				OTHER_LDFLAGS = (
					"$(inherited)",
					"-ObjC",
					"-lc++",
				);
				PRODUCT_BUNDLE_IDENTIFIER = com.fegcontextflow.counter;
				PRODUCT_NAME = FEGContextFlow;
				PROVISIONING_PROFILE_SPECIFIER = "";
				SUPPORTED_PLATFORMS = "iphoneos iphonesimulator";
				SWIFT_OPTIMIZATION_LEVEL = "-Onone";
				SWIFT_VERSION = 5.0;
				TARGETED_DEVICE_FAMILY = "1,2";
				VERSIONING_SYSTEM = "apple-generic";
			};
			name = Debug;
		};
		13B07F951A680F5B00A75B9A /* Release */ = {
			isa = XCBuildConfiguration;
			baseConfigurationReference = 5709B34CF0A7D63546082F79 /* Pods-FEGContextFlow.release.xcconfig */;
			buildSettings = {
				ASSETCATALOG_COMPILER_APPICON_NAME = AppIcon;
				CLANG_ENABLE_MODULES = YES;
				CODE_SIGN_ENTITLEMENTS = FEGContextFlow/FEGContextFlow.entitlements;
				CODE_SIGN_IDENTITY = "Apple Development";
				CODE_SIGN_STYLE = Automatic;
				CURRENT_PROJECT_VERSION = 1;
				DEVELOPMENT_TEAM = X8946QAT4X;
				INFOPLIST_FILE = FEGContextFlow/Info.plist;
				IPHONEOS_DEPLOYMENT_TARGET = 15.1;
				LD_RUNPATH_SEARCH_PATHS = (
					"$(inherited)",
					"@executable_path/Frameworks",
				);
				MARKETING_VERSION = 1.0;
				OTHER_LDFLAGS = (
					"$(inherited)",
					"-ObjC",
					"-lc++",
				);
				PRODUCT_BUNDLE_IDENTIFIER = com.fegcontextflow.counter;
				PRODUCT_NAME = FEGContextFlow;
				PROVISIONING_PROFILE_SPECIFIER = "";
				SUPPORTED_PLATFORMS = "iphoneos iphonesimulator";
				SWIFT_VERSION = 5.0;
				TARGETED_DEVICE_FAMILY = "1,2";
				VERSIONING_SYSTEM = "apple-generic";
			};
			name = Release;
		};
		1F21D7CAA8ABDA211F230DFF /* Debug */ = {
			isa = XCBuildConfiguration;
			buildSettings = {
				APPLICATION_EXTENSION_API_ONLY = YES;
				CLANG_ENABLE_OBJC_WEAK = NO;
				CODE_SIGN_ENTITLEMENTS = CounterLiveActivity/CounterLiveActivity.entitlements;
				CODE_SIGN_STYLE = Automatic;
				CURRENT_PROJECT_VERSION = 1;
				DEVELOPMENT_TEAM = X8946QAT4X;
				GENERATE_INFOPLIST_FILE = NO;
				INFOPLIST_FILE = CounterLiveActivity/Info.plist;
				IPHONEOS_DEPLOYMENT_TARGET = 16.2;
				LD_RUNPATH_SEARCH_PATHS = (
					"$(inherited)",
					"@executable_path/Frameworks",
					"@executable_path/../../Frameworks",
				);
				MARKETING_VERSION = 1.0;
				PRODUCT_BUNDLE_IDENTIFIER = com.fegcontextflow.counter.liveactivity;
				PRODUCT_NAME = "$(TARGET_NAME)";
				SDKROOT = iphoneos;
				SKIP_INSTALL = YES;
				SWIFT_VERSION = 5.0;
				TARGETED_DEVICE_FAMILY = "1,2";
			};
			name = Debug;
		};
		5A89A25F26208D0E4FDDB475 /* Release */ = {
			isa = XCBuildConfiguration;
			buildSettings = {
				APPLICATION_EXTENSION_API_ONLY = YES;
				CLANG_ENABLE_OBJC_WEAK = NO;
				CODE_SIGN_ENTITLEMENTS = CounterLiveActivity/CounterLiveActivity.entitlements;
				CODE_SIGN_STYLE = Automatic;
				CURRENT_PROJECT_VERSION = 1;
				DEVELOPMENT_TEAM = X8946QAT4X;
				GENERATE_INFOPLIST_FILE = NO;
				INFOPLIST_FILE = CounterLiveActivity/Info.plist;
				IPHONEOS_DEPLOYMENT_TARGET = 16.2;
				LD_RUNPATH_SEARCH_PATHS = (
					"$(inherited)",
					"@executable_path/Frameworks",
					"@executable_path/../../Frameworks",
				);
				MARKETING_VERSION = 1.0;
				PRODUCT_BUNDLE_IDENTIFIER = com.fegcontextflow.counter.liveactivity;
				PRODUCT_NAME = "$(TARGET_NAME)";
				SDKROOT = iphoneos;
				SKIP_INSTALL = YES;
				SWIFT_VERSION = 5.0;
				TARGETED_DEVICE_FAMILY = "1,2";
				VALIDATE_PRODUCT = YES;
			};
			name = Release;
		};
		83CBBA201A601CBA00E9B192 /* Debug */ = {
			isa = XCBuildConfiguration;
			buildSettings = {
				ALWAYS_SEARCH_USER_PATHS = NO;
				CLANG_ANALYZER_LOCALIZABILITY_NONLOCALIZED = YES;
				CLANG_CXX_LANGUAGE_STANDARD = "c++20";
				CLANG_CXX_LIBRARY = "libc++";
				CLANG_ENABLE_MODULES = YES;
				CLANG_ENABLE_OBJC_ARC = YES;
				CLANG_WARN_BLOCK_CAPTURE_AUTORELEASING = YES;
				CLANG_WARN_BOOL_CONVERSION = YES;
				CLANG_WARN_COMMA = YES;
				CLANG_WARN_CONSTANT_CONVERSION = YES;
				CLANG_WARN_DEPRECATED_OBJC_IMPLEMENTATIONS = YES;
				CLANG_WARN_DIRECT_OBJC_ISA_USAGE = YES_ERROR;
				CLANG_WARN_EMPTY_BODY = YES;
				CLANG_WARN_ENUM_CONVERSION = YES;
				CLANG_WARN_INFINITE_RECURSION = YES;
				CLANG_WARN_INT_CONVERSION = YES;
				CLANG_WARN_NON_LITERAL_NULL_CONVERSION = YES;
				CLANG_WARN_OBJC_IMPLICIT_RETAIN_SELF = YES;
				CLANG_WARN_OBJC_LITERAL_CONVERSION = YES;
				CLANG_WARN_OBJC_ROOT_CLASS = YES_ERROR;
				CLANG_WARN_QUOTED_INCLUDE_IN_FRAMEWORK_HEADER = YES;
				CLANG_WARN_RANGE_LOOP_ANALYSIS = YES;
				CLANG_WARN_STRICT_PROTOTYPES = YES;
				CLANG_WARN_SUSPICIOUS_MOVE = YES;
				CLANG_WARN_UNREACHABLE_CODE = YES;
				CLANG_WARN__DUPLICATE_METHOD_MATCH = YES;
				"CODE_SIGN_IDENTITY[sdk=iphoneos*]" = "iPhone Developer";
				COPY_PHASE_STRIP = NO;
				ENABLE_STRICT_OBJC_MSGSEND = YES;
				ENABLE_TESTABILITY = YES;
				"EXCLUDED_ARCHS[sdk=iphonesimulator*]" = "";
				GCC_C_LANGUAGE_STANDARD = gnu99;
				GCC_DYNAMIC_NO_PIC = NO;
				GCC_NO_COMMON_BLOCKS = YES;
				GCC_OPTIMIZATION_LEVEL = 0;
				GCC_PREPROCESSOR_DEFINITIONS = (
					"DEBUG=1",
					"$(inherited)",
				);
				GCC_SYMBOLS_PRIVATE_EXTERN = NO;
				GCC_WARN_64_TO_32_BIT_CONVERSION = YES;
				GCC_WARN_ABOUT_RETURN_TYPE = YES_ERROR;
				GCC_WARN_UNDECLARED_SELECTOR = YES;
				GCC_WARN_UNINITIALIZED_AUTOS = YES_AGGRESSIVE;
				GCC_WARN_UNUSED_FUNCTION = YES;
				GCC_WARN_UNUSED_VARIABLE = YES;
				IPHONEOS_DEPLOYMENT_TARGET = 15.1;
				LD_RUNPATH_SEARCH_PATHS = (
					/usr/lib/swift,
					"$(inherited)",
				);
				LIBRARY_SEARCH_PATHS = (
					"\"$(SDKROOT)/usr/lib/swift\"",
					"\"$(TOOLCHAIN_DIR)/usr/lib/swift/$(PLATFORM_NAME)\"",
					"\"$(inherited)\"",
				);
				MTL_ENABLE_DEBUG_INFO = YES;
				ONLY_ACTIVE_ARCH = YES;
				OTHER_CFLAGS = (
					"$(inherited)",
					"-DRCT_REMOVE_LEGACY_ARCH=1",
				);
				OTHER_CPLUSPLUSFLAGS = (
					"$(OTHER_CFLAGS)",
					"-DFOLLY_NO_CONFIG",
					"-DFOLLY_MOBILE=1",
					"-DFOLLY_USE_LIBCPP=1",
					"-DFOLLY_CFG_NO_COROUTINES=1",
					"-DFOLLY_HAVE_CLOCK_GETTIME=1",
					"-DRCT_REMOVE_LEGACY_ARCH=1",
				);
				PODFILE_DIR = "$(SRCROOT)";
				REACT_NATIVE_PATH = "${PODS_ROOT}/../../../../node_modules/react-native";
				SDKROOT = iphoneos;
				SWIFT_ACTIVE_COMPILATION_CONDITIONS = "$(inherited) DEBUG";
				USE_HERMES = true;
			};
			name = Debug;
		};
		83CBBA211A601CBA00E9B192 /* Release */ = {
			isa = XCBuildConfiguration;
			buildSettings = {
				ALWAYS_SEARCH_USER_PATHS = NO;
				CLANG_ANALYZER_LOCALIZABILITY_NONLOCALIZED = YES;
				CLANG_CXX_LANGUAGE_STANDARD = "c++20";
				CLANG_CXX_LIBRARY = "libc++";
				CLANG_ENABLE_MODULES = YES;
				CLANG_ENABLE_OBJC_ARC = YES;
				CLANG_WARN_BLOCK_CAPTURE_AUTORELEASING = YES;
				CLANG_WARN_BOOL_CONVERSION = YES;
				CLANG_WARN_COMMA = YES;
				CLANG_WARN_CONSTANT_CONVERSION = YES;
				CLANG_WARN_DEPRECATED_OBJC_IMPLEMENTATIONS = YES;
				CLANG_WARN_DIRECT_OBJC_ISA_USAGE = YES_ERROR;
				CLANG_WARN_EMPTY_BODY = YES;
				CLANG_WARN_ENUM_CONVERSION = YES;
				CLANG_WARN_INFINITE_RECURSION = YES;
				CLANG_WARN_INT_CONVERSION = YES;
				CLANG_WARN_NON_LITERAL_NULL_CONVERSION = YES;
				CLANG_WARN_OBJC_IMPLICIT_RETAIN_SELF = YES;
				CLANG_WARN_OBJC_LITERAL_CONVERSION = YES;
				CLANG_WARN_OBJC_ROOT_CLASS = YES_ERROR;
				CLANG_WARN_QUOTED_INCLUDE_IN_FRAMEWORK_HEADER = YES;
				CLANG_WARN_RANGE_LOOP_ANALYSIS = YES;
				CLANG_WARN_STRICT_PROTOTYPES = YES;
				CLANG_WARN_SUSPICIOUS_MOVE = YES;
				CLANG_WARN_UNREACHABLE_CODE = YES;
				CLANG_WARN__DUPLICATE_METHOD_MATCH = YES;
				"CODE_SIGN_IDENTITY[sdk=iphoneos*]" = "iPhone Developer";
				COPY_PHASE_STRIP = YES;
				ENABLE_NS_ASSERTIONS = NO;
				ENABLE_STRICT_OBJC_MSGSEND = YES;
				"EXCLUDED_ARCHS[sdk=iphonesimulator*]" = "";
				GCC_C_LANGUAGE_STANDARD = gnu99;
				GCC_NO_COMMON_BLOCKS = YES;
				GCC_WARN_64_TO_32_BIT_CONVERSION = YES;
				GCC_WARN_ABOUT_RETURN_TYPE = YES_ERROR;
				GCC_WARN_UNDECLARED_SELECTOR = YES;
				GCC_WARN_UNINITIALIZED_AUTOS = YES_AGGRESSIVE;
				GCC_WARN_UNUSED_FUNCTION = YES;
				GCC_WARN_UNUSED_VARIABLE = YES;
				IPHONEOS_DEPLOYMENT_TARGET = 15.1;
				LD_RUNPATH_SEARCH_PATHS = (
					/usr/lib/swift,
					"$(inherited)",
				);
				LIBRARY_SEARCH_PATHS = (
					"\"$(SDKROOT)/usr/lib/swift\"",
					"\"$(TOOLCHAIN_DIR)/usr/lib/swift/$(PLATFORM_NAME)\"",
					"\"$(inherited)\"",
				);
				MTL_ENABLE_DEBUG_INFO = NO;
				OTHER_CFLAGS = (
					"$(inherited)",
					"-DRCT_REMOVE_LEGACY_ARCH=1",
				);
				OTHER_CPLUSPLUSFLAGS = (
					"$(OTHER_CFLAGS)",
					"-DFOLLY_NO_CONFIG",
					"-DFOLLY_MOBILE=1",
					"-DFOLLY_USE_LIBCPP=1",
					"-DFOLLY_CFG_NO_COROUTINES=1",
					"-DFOLLY_HAVE_CLOCK_GETTIME=1",
					"-DRCT_REMOVE_LEGACY_ARCH=1",
				);
				PODFILE_DIR = "$(SRCROOT)";
				REACT_NATIVE_PATH = "${PODS_ROOT}/../../../../node_modules/react-native";
				SDKROOT = iphoneos;
				USE_HERMES = true;
				VALIDATE_PRODUCT = YES;
			};
			name = Release;
		};
/* End XCBuildConfiguration section */

/* Begin XCConfigurationList section */
		13B07F931A680F5B00A75B9A /* Build configuration list for PBXNativeTarget "FEGContextFlow" */ = {
			isa = XCConfigurationList;
			buildConfigurations = (
				13B07F941A680F5B00A75B9A /* Debug */,
				13B07F951A680F5B00A75B9A /* Release */,
			);
			defaultConfigurationIsVisible = 0;
			defaultConfigurationName = Release;
		};
		83CBB9FA1A601CBA00E9B192 /* Build configuration list for PBXProject "FEGContextFlow" */ = {
			isa = XCConfigurationList;
			buildConfigurations = (
				83CBBA201A601CBA00E9B192 /* Debug */,
				83CBBA211A601CBA00E9B192 /* Release */,
			);
			defaultConfigurationIsVisible = 0;
			defaultConfigurationName = Release;
		};
		C7ACF787BE1CF47891D114F2 /* Build configuration list for PBXNativeTarget "CounterLiveActivity" */ = {
			isa = XCConfigurationList;
			buildConfigurations = (
				5A89A25F26208D0E4FDDB475 /* Release */,
				1F21D7CAA8ABDA211F230DFF /* Debug */,
			);
			defaultConfigurationIsVisible = 0;
			defaultConfigurationName = Release;
		};
/* End XCConfigurationList section */
	};
	rootObject = 83CBB9F71A601CBA00E9B192 /* Project object */;
}
